
Microsoft Visual Studio Solution File, Format Version 12.00
# Visual Studio Version 16
VisualStudioVersion = 16.0.30204.135
MinimumVisualStudioVersion = 10.0.40219.1
Project("{FAE04EC0-301F-11D3-BF4B-00C04F79EFBC}") = "AbstractFactory", "AbstractFactory.csproj", "{09B5B0A7-39A2-41C6-89D6-02E5AD53A9DC}"
EndProject
Global
	GlobalSection(SolutionConfigurationPlatforms) = preSolution
		Debug|Any CPU = Debug|Any CPU
		Release|Any CPU = Release|Any CPU
	EndGlobalSection
	GlobalSection(ProjectConfigurationPlatforms) = postSolution
		{09B5B0A7-39A2-41C6-89D6-02E5AD53A9DC}.Debug|Any CPU.ActiveCfg = Debug|Any CPU
		{09B5B0A7-39A2-41C6-89D6-02E5AD53A9DC}.Debug|Any CPU.Build.0 = Debug|Any CPU
		{09B5B0A7-39A2-41C6-89D6-02E5AD53A9DC}.Release|Any CPU.ActiveCfg = Release|Any CPU
		{09B5B0A7-39A2-41C6-89D6-02E5AD53A9DC}.Release|Any CPU.Build.0 = Release|Any CPU
	EndGlobalSection
	GlobalSection(SolutionProperties) = preSolution
		HideSolutionNode = FALSE
	EndGlobalSection
	GlobalSection(ExtensibilityGlobals) = postSolution
		SolutionGuid = {91CD396E-87DF-4D8F-97E8-F0BE98C98C4A}
	EndGlobalSection
EndGlobal
